Microsoft Visual Studio Solution File, Format Version 12.00
# Visual Studio Version 17
VisualStudioVersion = 17.5.2.0
MinimumVisualStudioVersion = 10.0.40219.1
Project("{FAE04EC0-301F-11D3-BF4B-00C04F79EFBC}") = "QuotationSystem", "QuotationSystem.csproj", "{91144F1E-61F0-E754-CA39-E48F49BF01C2}"
EndProject
Global
	GlobalSection(SolutionConfigurationPlatforms) = preSolution
		Debug|Any CPU = Debug|Any CPU
		Release|Any CPU = Release|Any CPU
	EndGlobalSection
	GlobalSection(ProjectConfigurationPlatforms) = postSolution
		{91144F1E-61F0-E754-CA39-E48F49BF01C2}.Debug|Any CPU.ActiveCfg = Debug|Any CPU
		{91144F1E-61F0-E754-CA39-E48F49BF01C2}.Debug|Any CPU.Build.0 = Debug|Any CPU
		{91144F1E-61F0-E754-CA39-E48F49BF01C2}.Release|Any CPU.ActiveCfg = Release|Any CPU
		{91144F1E-61F0-E754-CA39-E48F49BF01C2}.Release|Any CPU.Build.0 = Release|Any CPU
	EndGlobalSection
	GlobalSection(SolutionProperties) = preSolution
		HideSolutionNode = FALSE
	EndGlobalSection
	GlobalSection(ExtensibilityGlobals) = postSolution
		SolutionGuid = {2D293A0A-96FA-4643-8C38-9F6D85AF2200}
	EndGlobalSection
EndGlobal
